 ../../pyro_model/simulation_study/tiny_toy/with_beta_guide/n10_b100.txt
 ../../pyro_model/simulation_study/tiny_toy/with_beta_guide/n10_b1000.txt
 ../../pyro_model/simulation_study/tiny_toy/with_beta_guide/n100_b100.txt
 ../../pyro_model/simulation_study/tiny_toy/with_beta_guide/n100_b1000.txt
 ../../pyro_model/simulation_study/tiny_toy/with_beta_guide/n200_b100.txt
 ../../pyro_model/simulation_study/tiny_toy/with_beta_guide/n200_b1000.txt
 ../../pyro_model/simulation_study/tiny_toy/with_beta_guide/n500_b100.txt
 ../../pyro_model/simulation_study/tiny_toy/with_beta_guide/n500_b1000.txt
 ../../pyro_model/simulation_study/tiny_toy/with_beta_guide/n1000_b100.txt
 ../../pyro_model/simulation_study/tiny_toy/with_beta_guide/n1000_b1000.txt
 ../../pyro_model/simulation_study/tiny_toy/with_beta_guide/n4000_b100.txt
 ../../pyro_model/simulation_study/tiny_toy/with_beta_guide/n4000_b1000.txt
 ../../pyro_model/simulation_study/tiny_toy/no_beta_guide/n10_b100.txt
 ../../pyro_model/simulation_study/tiny_toy/no_beta_guide/n10_b1000.txt
 ../../pyro_model/simulation_study/tiny_toy/no_beta_guide/n100_b100.txt
 ../../pyro_model/simulation_study/tiny_toy/no_beta_guide/n100_b1000.txt
 ../../pyro_model/simulation_study/tiny_toy/no_beta_guide/n200_b100.txt
 ../../pyro_model/simulation_study/tiny_toy/no_beta_guide/n200_b1000.txt
 ../../pyro_model/simulation_study/tiny_toy/no_beta_guide/n500_b100.txt
 ../../pyro_model/simulation_study/tiny_toy/no_beta_guide/n500_b1000.txt
 ../../pyro_model/simulation_study/tiny_toy/no_beta_guide/n1000_b100.txt
 ../../pyro_model/simulation_study/tiny_toy/no_beta_guide/n1000_b1000.txt
 ../../pyro_model/simulation_study/tiny_toy/no_beta_guide/n4000_b100.txt
 ../../pyro_model/simulation_study/tiny_toy/no_beta_guide/n4000_b1000.txt
